
Microsoft Visual Studio Solution File, Format Version 12.00
# Visual Studio Version 16
VisualStudioVersion = 16.0.29709.97
MinimumVisualStudioVersion = 10.0.40219.1
Project("{FAE04EC0-301F-11D3-BF4B-00C04F79EFBC}") = "LearnGit", "LearnGit\LearnGit.csproj", "{D334A301-ACAA-4D8A-AA21-837B291FFAAF}"
EndProject
Global
	GlobalSection(SolutionConfigurationPlatforms) = preSolution
		Debug|Any CPU = Debug|Any CPU
		Release|Any CPU = Release|Any CPU
	EndGlobalSection
	GlobalSection(ProjectConfigurationPlatforms) = postSolution
		{D334A301-ACAA-4D8A-AA21-837B291FFAAF}.Debug|Any CPU.ActiveCfg = Debug|Any CPU
		{D334A301-ACAA-4D8A-AA21-837B291FFAAF}.Debug|Any CPU.Build.0 = Debug|Any CPU
		{D334A301-ACAA-4D8A-AA21-837B291FFAAF}.Release|Any CPU.ActiveCfg = Release|Any CPU
		{D334A301-ACAA-4D8A-AA21-837B291FFAAF}.Release|Any CPU.Build.0 = Release|Any CPU
	EndGlobalSection
	GlobalSection(SolutionProperties) = preSolution
		HideSolutionNode = FALSE
	EndGlobalSection
	GlobalSection(ExtensibilityGlobals) = postSolution
		SolutionGuid = {FB8977D8-9CCC-459E-B639-C6E15E443D87}
	EndGlobalSection
EndGlobal
